
Microsoft Visual Studio Solution File, Format Version 12.00
# Visual Studio Version 17
VisualStudioVersion = 17.1.32210.238
MinimumVisualStudioVersion = 10.0.40219.1
Project("{9A19103F-16F7-4668-BE54-9A1E7A4F7556}") = "ApartmentCrawler", "ApartmentCrawler.csproj", "{0B73D917-40F1-4FDF-878B-5A2EEB14F547}"
EndProject
Project("{FAE04EC0-301F-11D3-BF4B-00C04F79EFBC}") = "TelegramNotifier", "..\TelegramNotifier\TelegramNotifier.csproj", "{BB48019A-CA8F-49FD-AF63-0DE296054F80}"
EndProject
Global
	GlobalSection(SolutionConfigurationPlatforms) = preSolution
		Debug|Any CPU = Debug|Any CPU
		Release|Any CPU = Release|Any CPU
	EndGlobalSection
	GlobalSection(ProjectConfigurationPlatforms) = postSolution
		{0B73D917-40F1-4FDF-878B-5A2EEB14F547}.Debug|Any CPU.ActiveCfg = Debug|Any CPU
		{0B73D917-40F1-4FDF-878B-5A2EEB14F547}.Debug|Any CPU.Build.0 = Debug|Any CPU
		{0B73D917-40F1-4FDF-878B-5A2EEB14F547}.Release|Any CPU.ActiveCfg = Release|Any CPU
		{0B73D917-40F1-4FDF-878B-5A2EEB14F547}.Release|Any CPU.Build.0 = Release|Any CPU
		{BB48019A-CA8F-49FD-AF63-0DE296054F80}.Debug|Any CPU.ActiveCfg = Debug|Any CPU
		{BB48019A-CA8F-49FD-AF63-0DE296054F80}.Debug|Any CPU.Build.0 = Debug|Any CPU
		{BB48019A-CA8F-49FD-AF63-0DE296054F80}.Release|Any CPU.ActiveCfg = Release|Any CPU
		{BB48019A-CA8F-49FD-AF63-0DE296054F80}.Release|Any CPU.Build.0 = Release|Any CPU
	EndGlobalSection
	GlobalSection(SolutionProperties) = preSolution
		HideSolutionNode = FALSE
	EndGlobalSection
	GlobalSection(ExtensibilityGlobals) = postSolution
		SolutionGuid = {0727883B-0BB8-468D-9319-DF8E27B154C1}
	EndGlobalSection
EndGlobal
